
Microsoft Visual Studio Solution File, Format Version 12.00
# Visual Studio Version 17
VisualStudioVersion = 17.0.31903.59
MinimumVisualStudioVersion = 10.0.40219.1
Project("{9A19103F-16F7-4668-BE54-9A1E7A4F7556}") = "Net6BlazorTest", "Net6BlazorTest\Net6BlazorTest.csproj", "{0AC7CD0D-1090-4AC6-9E71-F18E9F41F996}"
EndProject
Project("{9A19103F-16F7-4668-BE54-9A1E7A4F7556}") = "Net5BlazorTest", "Net5BlazorTest\Net5BlazorTest.csproj", "{C94A42BC-AB03-4109-9462-2E8BE708448B}"
EndProject
Project("{9A19103F-16F7-4668-BE54-9A1E7A4F7556}") = "Net6Console", "Net6Console\Net6Console.csproj", "{0BBD646C-55B4-4C4F-9D30-144DA596959E}"
EndProject
Project("{FAE04EC0-301F-11D3-BF4B-00C04F79EFBC}") = "ReflectionService", "ReflectionService\ReflectionService.csproj", "{70B4FFA9-2904-4477-9992-6016E278732D}"
EndProject
Project("{FAE04EC0-301F-11D3-BF4B-00C04F79EFBC}") = "TestImplement", "TestImplements\TestImplement.csproj", "{D0032BE6-3D5A-4D74-BAC6-D96BD8E03C0C}"
EndProject
Global
	GlobalSection(SolutionConfigurationPlatforms) = preSolution
		AOT|Any CPU = AOT|Any CPU
		Debug|Any CPU = Debug|Any CPU
		Release|Any CPU = Release|Any CPU
	EndGlobalSection
	GlobalSection(ProjectConfigurationPlatforms) = postSolution
		{0AC7CD0D-1090-4AC6-9E71-F18E9F41F996}.AOT|Any CPU.ActiveCfg = Release|Any CPU
		{0AC7CD0D-1090-4AC6-9E71-F18E9F41F996}.AOT|Any CPU.Build.0 = Release|Any CPU
		{0AC7CD0D-1090-4AC6-9E71-F18E9F41F996}.Debug|Any CPU.ActiveCfg = Debug|Any CPU
		{0AC7CD0D-1090-4AC6-9E71-F18E9F41F996}.Debug|Any CPU.Build.0 = Debug|Any CPU
		{0AC7CD0D-1090-4AC6-9E71-F18E9F41F996}.Release|Any CPU.ActiveCfg = Release|Any CPU
		{0AC7CD0D-1090-4AC6-9E71-F18E9F41F996}.Release|Any CPU.Build.0 = Release|Any CPU
		{C94A42BC-AB03-4109-9462-2E8BE708448B}.AOT|Any CPU.ActiveCfg = Release|Any CPU
		{C94A42BC-AB03-4109-9462-2E8BE708448B}.AOT|Any CPU.Build.0 = Release|Any CPU
		{C94A42BC-AB03-4109-9462-2E8BE708448B}.Debug|Any CPU.ActiveCfg = Debug|Any CPU
		{C94A42BC-AB03-4109-9462-2E8BE708448B}.Debug|Any CPU.Build.0 = Debug|Any CPU
		{C94A42BC-AB03-4109-9462-2E8BE708448B}.Release|Any CPU.ActiveCfg = Release|Any CPU
		{C94A42BC-AB03-4109-9462-2E8BE708448B}.Release|Any CPU.Build.0 = Release|Any CPU
		{0BBD646C-55B4-4C4F-9D30-144DA596959E}.AOT|Any CPU.ActiveCfg = Release|Any CPU
		{0BBD646C-55B4-4C4F-9D30-144DA596959E}.AOT|Any CPU.Build.0 = Release|Any CPU
		{0BBD646C-55B4-4C4F-9D30-144DA596959E}.Debug|Any CPU.ActiveCfg = Debug|Any CPU
		{0BBD646C-55B4-4C4F-9D30-144DA596959E}.Debug|Any CPU.Build.0 = Debug|Any CPU
		{0BBD646C-55B4-4C4F-9D30-144DA596959E}.Release|Any CPU.ActiveCfg = Release|Any CPU
		{0BBD646C-55B4-4C4F-9D30-144DA596959E}.Release|Any CPU.Build.0 = Release|Any CPU
		{70B4FFA9-2904-4477-9992-6016E278732D}.AOT|Any CPU.ActiveCfg = AOT|Any CPU
		{70B4FFA9-2904-4477-9992-6016E278732D}.AOT|Any CPU.Build.0 = AOT|Any CPU
		{70B4FFA9-2904-4477-9992-6016E278732D}.Debug|Any CPU.ActiveCfg = Debug|Any CPU
		{70B4FFA9-2904-4477-9992-6016E278732D}.Debug|Any CPU.Build.0 = Debug|Any CPU
		{70B4FFA9-2904-4477-9992-6016E278732D}.Release|Any CPU.ActiveCfg = Release|Any CPU
		{70B4FFA9-2904-4477-9992-6016E278732D}.Release|Any CPU.Build.0 = Release|Any CPU
		{D0032BE6-3D5A-4D74-BAC6-D96BD8E03C0C}.AOT|Any CPU.ActiveCfg = Debug|Any CPU
		{D0032BE6-3D5A-4D74-BAC6-D96BD8E03C0C}.AOT|Any CPU.Build.0 = Debug|Any CPU
		{D0032BE6-3D5A-4D74-BAC6-D96BD8E03C0C}.Debug|Any CPU.ActiveCfg = Debug|Any CPU
		{D0032BE6-3D5A-4D74-BAC6-D96BD8E03C0C}.Debug|Any CPU.Build.0 = Debug|Any CPU
		{D0032BE6-3D5A-4D74-BAC6-D96BD8E03C0C}.Release|Any CPU.ActiveCfg = Release|Any CPU
		{D0032BE6-3D5A-4D74-BAC6-D96BD8E03C0C}.Release|Any CPU.Build.0 = Release|Any CPU
	EndGlobalSection
	GlobalSection(SolutionProperties) = preSolution
		HideSolutionNode = FALSE
	EndGlobalSection
	GlobalSection(ExtensibilityGlobals) = postSolution
		SolutionGuid = {626DAD43-5D55-4DB8-9B8B-05B2FD9EB7FF}
	EndGlobalSection
EndGlobal
